# THIS IS AN AUTOGENERATED FILE. DO NOT EDIT THIS FILE DIRECTLY.
# yarn lockfile v1


create-vite@^6.3.1:
  version "6.3.1"
  resolved "https://registry.yarnpkg.com/create-vite/-/create-vite-6.3.1.tgz#4ed830c512c129ebde4e5750db2c447ccb7ab9ed"
  integrity sha512-kI3S6OgiBYnRlmhr4gNY76Fj62fMh+KukEd2PSAvMPdnY95rHhJCjCoUlt4BuHVNjfmRMbsFBBtO5dryFoSyUw==
